# This file is automatically @generated by Cargo.
# It is not intended for manual editing.
version = 4

[[package]]
name = "ahash"
version = "0.8.11"
source = "registry+https://github.com/rust-lang/crates.io-index"
checksum = "e89da841a80418a9b391ebaea17f5c112ffaaa96f621d2c285b5174da76b9011"
dependencies = [
 "cfg-if",
 "once_cell",
 "version_check",
 "zerocopy",
]

[[package]]
name = "any_all_workaround"
version = "0.1.0"
source = "git+https://github.com/hsivonen/any_all_workaround?rev=7fb1b7034c9f172aade21ee1c8554e8d8a48af80#7fb1b7034c9f172aade21ee1c8554e8d8a48af80"
dependencies = [
 "cfg-if",
 "version_check",
]

[[package]]
name = "anyhow"
version = "1.0.69"
source = "registry+https://github.com/rust-lang/crates.io-index"
checksum = "224afbd727c3d6e4b90103ece64b8d1b67fbb1973b1046c2281eed3f3803f800"

[[package]]
name = "arbitrary"
version = "1.3.0"
source = "registry+https://github.com/rust-lang/crates.io-index"
checksum = "e2d098ff73c1ca148721f37baad5ea6a465a13f9573aba8641fbbbae8164a54e"
dependencies = [
 "derive_arbitrary",
]

[[package]]
name = "arrayvec"
version = "0.7.2"
source = "registry+https://github.com/rust-lang/crates.io-index"
checksum = "8da52d66c7071e2e3fa2a1e5c6d088fec47b593032b254f5e980de8ea54454d6"
dependencies = [
 "serde",
]

[[package]]
name = "autocfg"
version = "1.1.0"

[[package]]
name = "bumpalo"
version = "3.15.4"
source = "registry+https://github.com/rust-lang/crates.io-index"
checksum = "7ff69b9dd49fd426c69a0db9fc04dd934cdb6645ff000864d98f7e2af8830eaa"

[[package]]
name = "byteorder"
version = "1.5.0"
source = "registry+https://github.com/rust-lang/crates.io-index"
checksum = "1fd0f2584146f6f2ef48085050886acf353beff7305ebd1ae69500e27c67f64b"

[[package]]
name = "cc"
version = "1.0.89"
source = "registry+https://github.com/rust-lang/crates.io-index"
checksum = "a0ba8f7aaa012f30d5b2861462f6708eccd49c3c39863fe083a308035f63d723"
dependencies = [
 "jobserver",
 "libc",
]

[[package]]
name = "cfg-if"
version = "1.0.0"
source = "registry+https://github.com/rust-lang/crates.io-index"
checksum = "baf1de4339761588bc0619e3cbc0120ee582ebb74b53b4efbf79117bd2da40fd"

[[package]]
name = "core_maths"
version = "0.1.0"
source = "registry+https://github.com/rust-lang/crates.io-index"
checksum = "e3b02505ccb8c50b0aa21ace0fc08c3e53adebd4e58caa18a36152803c7709a3"
dependencies = [
 "libm",
]

[[package]]
name = "derive_arbitrary"
version = "1.3.1"
source = "registry+https://github.com/rust-lang/crates.io-index"
checksum = "53e0efad4403bfc52dc201159c4b842a246a14b98c64b55dfd0f2d89729dfeb8"
dependencies = [
 "proc-macro2",
 "quote",
 "syn",
]

[[package]]
name = "diplomat"
version = "0.7.0"
source = "registry+https://github.com/rust-lang/crates.io-index"
checksum = "a31672b3ebc3c7866c3c98726f7a9a5ac8f13962e77d3c8225f6be49a7b8c5f2"
dependencies = [
 "diplomat_core",
 "proc-macro2",
 "quote",
 "syn",
]

[[package]]
name = "diplomat-runtime"
version = "0.7.0"
source = "registry+https://github.com/rust-lang/crates.io-index"
checksum = "f7b0f23d549a46540e26e5490cd44c64ced0d762959f1ffdec6ab0399634cf3c"

[[package]]
name = "diplomat_core"
version = "0.7.0"
source = "registry+https://github.com/rust-lang/crates.io-index"
checksum = "bfaa5e13e8b8735d2338f2836c06cd8643902ab87dda1dd07dbb351998ddc127"
dependencies = [
 "lazy_static",
 "proc-macro2",
 "quote",
 "serde",
 "smallvec",
 "strck_ident",
 "syn",
]

[[package]]
name = "displaydoc"
version = "0.2.4"
source = "registry+https://github.com/rust-lang/crates.io-index"
checksum = "487585f4d0c6655fe74905e2504d8ad6908e4db67f744eb140876906c2f3175d"
dependencies = [
 "proc-macro2",
 "quote",
 "syn",
]

[[package]]
name = "encoding_c"
version = "0.9.8"
source = "registry+https://github.com/rust-lang/crates.io-index"
checksum = "9af727805f3b0d79956bde5b35732669fb5c5d45a94893798e7b7e70cfbf9cc1"
dependencies = [
 "encoding_rs",
]

[[package]]
name = "encoding_c_mem"
version = "0.2.6"
source = "registry+https://github.com/rust-lang/crates.io-index"
checksum = "3a80a16821fe8c7cab96e0c67b57cd7090e021e9615e6ce6ab0cf866c44ed1f0"
dependencies = [
 "encoding_rs",
]

[[package]]
name = "encoding_rs"
version = "0.8.34"
source = "registry+https://github.com/rust-lang/crates.io-index"
checksum = "b45de904aa0b010bce2ab45264d0631681847fa7b6f2eaa7dab7619943bc4f59"
dependencies = [
 "any_all_workaround",
 "cfg-if",
]

[[package]]
name = "env_logger"
version = "0.10.0"
source = "registry+https://github.com/rust-lang/crates.io-index"
checksum = "85cdab6a89accf66733ad5a1693a4dcced6aeff64602b634530dd73c1f3ee9f0"
dependencies = [
 "log",
 "termcolor",
]

[[package]]
name = "equivalent"
version = "1.0.1"
source = "registry+https://github.com/rust-lang/crates.io-index"
checksum = "5443807d6dff69373d433ab9ef5378ad8df50ca6298caf15de6e52e24aaf54d5"

[[package]]
name = "flagset"
version = "0.4.3"
source = "registry+https://github.com/rust-lang/crates.io-index"
checksum = "cda653ca797810c02f7ca4b804b40b8b95ae046eb989d356bce17919a8c25499"

[[package]]
name = "form_urlencoded"
version = "1.2.1"
source = "registry+https://github.com/rust-lang/crates.io-index"
checksum = "e13624c2627564efccf4934284bdd98cbaa14e79b0b5a141218e507b3a823456"
dependencies = [
 "percent-encoding",
]

[[package]]
name = "getrandom"
version = "0.2.14"
source = "registry+https://github.com/rust-lang/crates.io-index"
checksum = "94b22e06ecb0110981051723910cbf0b5f5e09a2062dd7663334ee79a9d1286c"
dependencies = [
 "cfg-if",
 "libc",
 "wasi",
]

[[package]]
name = "gluesmith"
version = "0.1.0"
dependencies = [
 "arbitrary",
 "libc",
 "wasm-smith",
]

[[package]]
name = "hashbrown"
version = "0.13.999"
dependencies = [
 "hashbrown 0.14.5",
]

[[package]]
name = "hashbrown"
version = "0.14.5"
source = "registry+https://github.com/rust-lang/crates.io-index"
checksum = "e5274423e17b7c9fc20b6e7e208532f9b19825d82dfd615708b70edd83df41f1"
dependencies = [
 "ahash",
]

[[package]]
name = "icu_capi"
version = "1.4.0"
dependencies = [
 "diplomat",
 "diplomat-runtime",
 "icu_locid",
 "icu_provider",
 "icu_provider_adapters",
 "icu_segmenter",
 "tinystr",
 "writeable",
]

[[package]]
name = "icu_collections"
version = "1.4.0"
source = "registry+https://github.com/rust-lang/crates.io-index"
checksum = "137d96353afc8544d437e8a99eceb10ab291352699573b0de5b08bda38c78c60"
dependencies = [
 "displaydoc",
 "yoke",
 "zerofrom",
 "zerovec",
]

[[package]]
name = "icu_locid"
version = "1.4.0"
source = "registry+https://github.com/rust-lang/crates.io-index"
checksum = "5c0aa2536adc14c07e2a521e95512b75ed8ef832f0fdf9299d4a0a45d2be2a9d"
dependencies = [
 "displaydoc",
 "litemap",
 "tinystr",
 "writeable",
 "zerovec",
]

[[package]]
name = "icu_locid_transform"
version = "1.4.0"
source = "registry+https://github.com/rust-lang/crates.io-index"
checksum = "57c17d8f6524fdca4471101dd71f0a132eb6382b5d6d7f2970441cb25f6f435a"
dependencies = [
 "displaydoc",
 "icu_locid",
 "icu_locid_transform_data",
 "icu_provider",
 "tinystr",
 "zerovec",
]

[[package]]
name = "icu_locid_transform_data"
version = "1.4.0"
source = "registry+https://github.com/rust-lang/crates.io-index"
checksum = "545c6c3e8bf9580e2dafee8de6f9ec14826aaf359787789c7724f1f85f47d3dc"

[[package]]
name = "icu_properties"
version = "1.4.0"
source = "registry+https://github.com/rust-lang/crates.io-index"
checksum = "976e296217453af983efa25f287a4c1da04b9a63bf1ed63719455068e4453eb5"
dependencies = [
 "displaydoc",
 "icu_collections",
 "icu_locid_transform",
 "icu_properties_data",
 "icu_provider",
 "tinystr",
 "unicode-bidi",
 "zerovec",
]

[[package]]
name = "icu_properties_data"
version = "1.4.0"
source = "registry+https://github.com/rust-lang/crates.io-index"
checksum = "f6a86c0e384532b06b6c104814f9c1b13bcd5b64409001c0d05713a1f3529d99"

[[package]]
name = "icu_provider"
version = "1.4.0"
source = "registry+https://github.com/rust-lang/crates.io-index"
checksum = "ba58e782287eb6950247abbf11719f83f5d4e4a5c1f2cd490d30a334bc47c2f4"
dependencies = [
 "displaydoc",
 "icu_locid",
 "icu_provider_macros",
 "stable_deref_trait",
 "tinystr",
 "writeable",
 "yoke",
 "zerofrom",
 "zerovec",
]

[[package]]
name = "icu_provider_adapters"
version = "1.4.0"
source = "registry+https://github.com/rust-lang/crates.io-index"
checksum = "a229f978260da7c3aabb68cb7dc7316589936680570fe55e50fdd3f97711a4dd"
dependencies = [
 "icu_locid",
 "icu_locid_transform",
 "icu_provider",
 "tinystr",
 "zerovec",
]

[[package]]
name = "icu_provider_macros"
version = "1.4.0"
source = "registry+https://github.com/rust-lang/crates.io-index"
checksum = "d2abdd3a62551e8337af119c5899e600ca0c88ec8f23a46c60ba216c803dcf1a"
dependencies = [
 "proc-macro2",
 "quote",
 "syn",
]

[[package]]
name = "icu_segmenter"
version = "1.4.0"
source = "registry+https://github.com/rust-lang/crates.io-index"
checksum = "b2dc1e8f4ba33a6a4956770ac5c08570f255d6605519fb3a859a0c0a270a2f8f"
dependencies = [
 "core_maths",
 "displaydoc",
 "icu_collections",
 "icu_locid",
 "icu_provider",
 "icu_segmenter_data",
 "utf8_iter",
 "zerovec",
]

[[package]]
name = "icu_segmenter_data"
version = "1.4.0"

[[package]]
name = "idna"
version = "0.5.0"
source = "registry+https://github.com/rust-lang/crates.io-index"
checksum = "634d9b1461af396cad843f47fdba5597a4f9e6ddd4bfb6ff5d85028c25cb12f6"
dependencies = [
 "unicode-bidi",
 "unicode-normalization",
]

[[package]]
name = "indexmap"
version = "2.2.6"
source = "registry+https://github.com/rust-lang/crates.io-index"
checksum = "168fb715dda47215e360912c096649d23d58bf392ac62f73919e831745e40f26"
dependencies = [
 "equivalent",
 "hashbrown 0.14.5",
 "serde",
]

[[package]]
name = "jobserver"
version = "0.1.25"
source = "registry+https://github.com/rust-lang/crates.io-index"
checksum = "068b1ee6743e4d11fb9c6a1e6064b3693a1b600e7f5f5988047d98b3dc9fb90b"
dependencies = [
 "libc",
]

[[package]]
name = "jsparagus"
version = "0.1.0"
source = "git+https://github.com/mozilla-spidermonkey/jsparagus?rev=61f399c53a641ebd3077c1f39f054f6d396a633c#61f399c53a641ebd3077c1f39f054f6d396a633c"
dependencies = [
 "jsparagus-ast",
 "jsparagus-emitter",
 "jsparagus-generated-parser",
 "jsparagus-json-log",
 "jsparagus-parser",
 "jsparagus-scope",
 "jsparagus-stencil",
]

[[package]]
name = "jsparagus-ast"
version = "0.1.0"
source = "git+https://github.com/mozilla-spidermonkey/jsparagus?rev=61f399c53a641ebd3077c1f39f054f6d396a633c#61f399c53a641ebd3077c1f39f054f6d396a633c"
dependencies = [
 "bumpalo",
 "indexmap",
]

[[package]]
name = "jsparagus-emitter"
version = "0.1.0"
source = "git+https://github.com/mozilla-spidermonkey/jsparagus?rev=61f399c53a641ebd3077c1f39f054f6d396a633c#61f399c53a641ebd3077c1f39f054f6d396a633c"
dependencies = [
 "bumpalo",
 "byteorder",
 "indexmap",
 "jsparagus-ast",
 "jsparagus-scope",
 "jsparagus-stencil",
]

[[package]]
name = "jsparagus-generated-parser"
version = "0.1.0"
source = "git+https://github.com/mozilla-spidermonkey/jsparagus?rev=61f399c53a641ebd3077c1f39f054f6d396a633c#61f399c53a641ebd3077c1f39f054f6d396a633c"
dependencies = [
 "bumpalo",
 "jsparagus-ast",
 "static_assertions",
]

[[package]]
name = "jsparagus-json-log"
version = "0.1.0"
source = "git+https://github.com/mozilla-spidermonkey/jsparagus?rev=61f399c53a641ebd3077c1f39f054f6d396a633c#61f399c53a641ebd3077c1f39f054f6d396a633c"

[[package]]
name = "jsparagus-parser"
version = "0.1.0"
source = "git+https://github.com/mozilla-spidermonkey/jsparagus?rev=61f399c53a641ebd3077c1f39f054f6d396a633c#61f399c53a641ebd3077c1f39f054f6d396a633c"
dependencies = [
 "arrayvec",
 "bumpalo",
 "jsparagus-ast",
 "jsparagus-generated-parser",
 "jsparagus-json-log",
]

[[package]]
name = "jsparagus-scope"
version = "0.1.0"
source = "git+https://github.com/mozilla-spidermonkey/jsparagus?rev=61f399c53a641ebd3077c1f39f054f6d396a633c#61f399c53a641ebd3077c1f39f054f6d396a633c"
dependencies = [
 "indexmap",
 "jsparagus-ast",
 "jsparagus-stencil",
]

[[package]]
name = "jsparagus-stencil"
version = "0.1.0"
source = "git+https://github.com/mozilla-spidermonkey/jsparagus?rev=61f399c53a641ebd3077c1f39f054f6d396a633c#61f399c53a641ebd3077c1f39f054f6d396a633c"
dependencies = [
 "jsparagus-ast",
]

[[package]]
name = "jsrust"
version = "0.1.0"
dependencies = [
 "jsrust_shared",
 "mozglue-static",
 "mozilla-central-workspace-hack",
]

[[package]]
name = "jsrust_shared"
version = "0.1.0"
dependencies = [
 "encoding_c",
 "encoding_c_mem",
 "gluesmith",
 "icu_capi",
 "mozglue-static",
 "smoosh",
 "unicode-bidi-ffi",
]

[[package]]
name = "lazy_static"
version = "1.4.0"
source = "registry+https://github.com/rust-lang/crates.io-index"
checksum = "e2abad23fbc42b3700f2f279844dc832adb2b2eb069b2df918f455c4e18cc646"

[[package]]
name = "leb128"
version = "0.2.5"
source = "registry+https://github.com/rust-lang/crates.io-index"
checksum = "884e2677b40cc8c339eaefcb701c32ef1fd2493d71118dc0ca4b6a736c93bd67"

[[package]]
name = "libc"
version = "0.2.153"
source = "registry+https://github.com/rust-lang/crates.io-index"
checksum = "9c198f91728a82281a64e1f4f9eeb25d82cb32a5de251c6bd1b5154d63a8e7bd"

[[package]]
name = "libm"
version = "0.2.6"
source = "registry+https://github.com/rust-lang/crates.io-index"
checksum = "348108ab3fba42ec82ff6e9564fc4ca0247bdccdc68dd8af9764bbc79c3c8ffb"

[[package]]
name = "litemap"
version = "0.7.2"
source = "registry+https://github.com/rust-lang/crates.io-index"
checksum = "f9d642685b028806386b2b6e75685faadd3eb65a85fff7df711ce18446a422da"

[[package]]
name = "log"
version = "0.4.20"
source = "registry+https://github.com/rust-lang/crates.io-index"
checksum = "b5e6163cb8c49088c2c36f57875e58ccd8c87c7427f7fbd50ea6710b2f3f2e8f"

[[package]]
name = "memchr"
version = "2.5.0"
source = "registry+https://github.com/rust-lang/crates.io-index"
checksum = "2dffe52ecf27772e601905b7522cb4ef790d2cc203488bbd0e2fe85fcb74566d"

[[package]]
name = "mozbuild"
version = "0.1.0"

[[package]]
name = "mozglue-static"
version = "0.1.0"
dependencies = [
 "arrayvec",
 "cc",
 "mozbuild",
 "rustc_version",
]

[[package]]
name = "mozilla-central-workspace-hack"
version = "0.1.0"
dependencies = [
 "arrayvec",
 "cc",
 "env_logger",
 "getrandom",
 "hashbrown 0.13.999",
 "icu_locid",
 "indexmap",
 "libc",
 "log",
 "memchr",
 "num-traits",
 "once_cell",
 "proc-macro2",
 "quote",
 "semver",
 "serde",
 "smallvec",
 "stable_deref_trait",
 "syn",
 "tinystr",
 "unicode-bidi",
 "url",
 "winapi",
 "yoke",
 "zerofrom",
 "zerovec",
]

[[package]]
name = "num-traits"
version = "0.2.15"
source = "registry+https://github.com/rust-lang/crates.io-index"
checksum = "578ede34cf02f8924ab9447f50c28075b4d3e5b269972345e7e0372b38c6cdcd"
dependencies = [
 "autocfg",
 "libm",
]

[[package]]
name = "once_cell"
version = "1.19.0"
source = "registry+https://github.com/rust-lang/crates.io-index"
checksum = "3fdb12b2476b595f9358c5161aa467c2438859caa136dec86c26fdd2efe17b92"

[[package]]
name = "percent-encoding"
version = "2.3.1"
source = "registry+https://github.com/rust-lang/crates.io-index"
checksum = "e3148f5046208a5d56bcfc03053e3ca6334e51da8dfb19b6cdc8b306fae3283e"

[[package]]
name = "proc-macro2"
version = "1.0.74"
source = "registry+https://github.com/rust-lang/crates.io-index"
checksum = "2de98502f212cfcea8d0bb305bd0f49d7ebdd75b64ba0a68f937d888f4e0d6db"
dependencies = [
 "unicode-ident",
]

[[package]]
name = "quote"
version = "1.0.35"
source = "registry+https://github.com/rust-lang/crates.io-index"
checksum = "291ec9ab5efd934aaf503a6466c5d5251535d108ee747472c3977cc5acc868ef"
dependencies = [
 "proc-macro2",
]

[[package]]
name = "rustc_version"
version = "0.4.0"
source = "registry+https://github.com/rust-lang/crates.io-index"
checksum = "bfa0f585226d2e68097d4f95d113b15b83a82e819ab25717ec0590d9584ef366"
dependencies = [
 "semver",
]

[[package]]
name = "semver"
version = "1.0.16"
source = "registry+https://github.com/rust-lang/crates.io-index"
checksum = "58bc9567378fc7690d6b2addae4e60ac2eeea07becb2c64b9f218b53865cba2a"
dependencies = [
 "serde",
]

[[package]]
name = "serde"
version = "1.0.203"
source = "registry+https://github.com/rust-lang/crates.io-index"
checksum = "7253ab4de971e72fb7be983802300c30b5a7f0c2e56fab8abfc6a214307c0094"
dependencies = [
 "serde_derive",
]

[[package]]
name = "serde_derive"
version = "1.0.203"
source = "registry+https://github.com/rust-lang/crates.io-index"
checksum = "500cbc0ebeb6f46627f50f3f5811ccf6bf00643be300b4c3eabc0ef55dc5b5ba"
dependencies = [
 "proc-macro2",
 "quote",
 "syn",
]

[[package]]
name = "smallvec"
version = "1.13.1"
source = "registry+https://github.com/rust-lang/crates.io-index"
checksum = "e6ecd384b10a64542d77071bd64bd7b231f4ed5940fba55e98c3de13824cf3d7"
dependencies = [
 "serde",
]

[[package]]
name = "smoosh"
version = "0.1.0"
dependencies = [
 "bumpalo",
 "env_logger",
 "jsparagus",
 "log",
]

[[package]]
name = "stable_deref_trait"
version = "1.2.0"
source = "registry+https://github.com/rust-lang/crates.io-index"
checksum = "a8f112729512f8e442d81f95a8a7ddf2b7c6b8a1a6f509a95864142b30cab2d3"

[[package]]
name = "static_assertions"
version = "1.1.0"
source = "registry+https://github.com/rust-lang/crates.io-index"
checksum = "a2eb9349b6444b326872e140eb1cf5e7c522154d69e7a0ffb0fb81c06b37543f"

[[package]]
name = "strck"
version = "0.1.2"
source = "registry+https://github.com/rust-lang/crates.io-index"
checksum = "be91090ded9d8f979d9fe921777342d37e769e0b6b7296843a7a38247240e917"

[[package]]
name = "strck_ident"
version = "0.1.2"
source = "registry+https://github.com/rust-lang/crates.io-index"
checksum = "e1c3802b169b3858a44667f221c9a0b3136e6019936ea926fc97fbad8af77202"
dependencies = [
 "strck",
 "unicode-ident",
]

[[package]]
name = "syn"
version = "2.0.46"
source = "registry+https://github.com/rust-lang/crates.io-index"
checksum = "89456b690ff72fddcecf231caedbe615c59480c93358a93dfae7fc29e3ebbf0e"
dependencies = [
 "proc-macro2",
 "quote",
 "unicode-ident",
]

[[package]]
name = "synstructure"
version = "0.13.1"
source = "registry+https://github.com/rust-lang/crates.io-index"
checksum = "c8af7666ab7b6390ab78131fb5b0fce11d6b7a6951602017c35fa82800708971"
dependencies = [
 "proc-macro2",
 "quote",
 "syn",
]

[[package]]
name = "termcolor"
version = "1.4.1"
source = "registry+https://github.com/rust-lang/crates.io-index"
checksum = "06794f8f6c5c898b3275aebefa6b8a1cb24cd2c6c79397ab15774837a0bc5755"
dependencies = [
 "winapi-util",
]

[[package]]
name = "tinystr"
version = "0.7.4"
source = "registry+https://github.com/rust-lang/crates.io-index"
checksum = "d5d0e245e80bdc9b4e5356fc45a72184abbc3861992603f515270e9340f5a219"
dependencies = [
 "displaydoc",
 "zerovec",
]

[[package]]
name = "tinyvec"
version = "1.999.999"
dependencies = [
 "smallvec",
]

[[package]]
name = "unicode-bidi"
version = "0.3.15"
source = "git+https://github.com/servo/unicode-bidi?rev=ca612daf1c08c53abe07327cb3e6ef6e0a760f0c#ca612daf1c08c53abe07327cb3e6ef6e0a760f0c"
dependencies = [
 "smallvec",
]

[[package]]
name = "unicode-bidi-ffi"
version = "0.1.0"
dependencies = [
 "icu_properties",
 "unicode-bidi",
]

[[package]]
name = "unicode-ident"
version = "1.0.6"
source = "registry+https://github.com/rust-lang/crates.io-index"
checksum = "84a22b9f218b40614adcb3f4ff08b703773ad44fa9423e4e0d346d5db86e4ebc"

[[package]]
name = "unicode-normalization"
version = "0.1.22"
source = "registry+https://github.com/rust-lang/crates.io-index"
checksum = "5c5713f0fc4b5db668a2ac63cdb7bb4469d8c9fed047b1d0292cc7b0ce2ba921"
dependencies = [
 "tinyvec",
]

[[package]]
name = "url"
version = "2.5.0"
source = "registry+https://github.com/rust-lang/crates.io-index"
checksum = "31e6302e3bb753d46e83516cae55ae196fc0c309407cf11ab35cc51a4c2a4633"
dependencies = [
 "form_urlencoded",
 "idna",
 "percent-encoding",
 "serde",
]

[[package]]
name = "utf8_iter"
version = "1.0.3"
source = "registry+https://github.com/rust-lang/crates.io-index"
checksum = "64a8922555b9500e3d865caed19330172cd67cbf82203f1a3311d8c305cc9f33"

[[package]]
name = "version_check"
version = "0.9.4"
source = "registry+https://github.com/rust-lang/crates.io-index"
checksum = "49874b5167b65d7193b8aba1567f5c7d93d001cafc34600cee003eda787e483f"

[[package]]
name = "wasi"
version = "0.11.0+wasi-snapshot-preview1"
source = "registry+https://github.com/rust-lang/crates.io-index"
checksum = "9c8d87e72b64a3b4db28d11ce29237c246188f4f51057d65a7eab63b7987e423"

[[package]]
name = "wasm-encoder"
version = "0.205.0"
source = "registry+https://github.com/rust-lang/crates.io-index"
checksum = "90e95b3563d164f33c1cfb0a7efbd5940c37710019be10cd09f800fdec8b0e5c"
dependencies = [
 "leb128",
]

[[package]]
name = "wasm-smith"
version = "0.205.0"
source = "registry+https://github.com/rust-lang/crates.io-index"
checksum = "1218f393276f7a13f6c54467434633144b46c33ecbc3cbafdc938033f0315d1a"
dependencies = [
 "anyhow",
 "arbitrary",
 "flagset",
 "indexmap",
 "leb128",
 "wasm-encoder",
]

[[package]]
name = "winapi"
version = "0.3.9"
source = "registry+https://github.com/rust-lang/crates.io-index"
checksum = "5c839a674fcd7a98952e593242ea400abe93992746761e38641405d28b00f419"
dependencies = [
 "winapi-i686-pc-windows-gnu",
 "winapi-x86_64-pc-windows-gnu",
]

[[package]]
name = "winapi-i686-pc-windows-gnu"
version = "0.4.0"
source = "registry+https://github.com/rust-lang/crates.io-index"
checksum = "ac3b87c63620426dd9b991e5ce0329eff545bccbbb34f3be09ff6fb6ab51b7b6"

[[package]]
name = "winapi-util"
version = "0.1.5"
source = "registry+https://github.com/rust-lang/crates.io-index"
checksum = "70ec6ce85bb158151cae5e5c87f95a8e97d2c0c4b001223f33a334e3ce5de178"
dependencies = [
 "winapi",
]

[[package]]
name = "winapi-x86_64-pc-windows-gnu"
version = "0.4.0"
source = "registry+https://github.com/rust-lang/crates.io-index"
checksum = "712e227841d057c1ee1cd2fb22fa7e5a5461ae8e48fa2ca79ec42cfc1931183f"

[[package]]
name = "writeable"
version = "0.5.4"
source = "registry+https://github.com/rust-lang/crates.io-index"
checksum = "dad7bb64b8ef9c0aa27b6da38b452b0ee9fd82beaf276a87dd796fb55cbae14e"

[[package]]
name = "yoke"
version = "0.7.3"
source = "registry+https://github.com/rust-lang/crates.io-index"
checksum = "65e71b2e4f287f467794c671e2b8f8a5f3716b3c829079a1c44740148eff07e4"
dependencies = [
 "serde",
 "stable_deref_trait",
 "yoke-derive",
 "zerofrom",
]

[[package]]
name = "yoke-derive"
version = "0.7.3"
source = "registry+https://github.com/rust-lang/crates.io-index"
checksum = "9e6936f0cce458098a201c245a11bef556c6a0181129c7034d10d76d1ec3a2b8"
dependencies = [
 "proc-macro2",
 "quote",
 "syn",
 "synstructure",
]

[[package]]
name = "zerocopy"
version = "0.7.32"
source = "registry+https://github.com/rust-lang/crates.io-index"
checksum = "74d4d3961e53fa4c9a25a8637fc2bfaf2595b3d3ae34875568a5cf64787716be"
dependencies = [
 "zerocopy-derive",
]

[[package]]
name = "zerocopy-derive"
version = "0.7.32"
source = "registry+https://github.com/rust-lang/crates.io-index"
checksum = "9ce1b18ccd8e73a9321186f97e46f9f04b778851177567b1975109d26a08d2a6"
dependencies = [
 "proc-macro2",
 "quote",
 "syn",
]

[[package]]
name = "zerofrom"
version = "0.1.4"
source = "registry+https://github.com/rust-lang/crates.io-index"
checksum = "91ec111ce797d0e0784a1116d0ddcdbea84322cd79e5d5ad173daeba4f93ab55"
dependencies = [
 "zerofrom-derive",
]

[[package]]
name = "zerofrom-derive"
version = "0.1.3"
source = "registry+https://github.com/rust-lang/crates.io-index"
checksum = "e6a647510471d372f2e6c2e6b7219e44d8c574d24fdc11c610a61455782f18c3"
dependencies = [
 "proc-macro2",
 "quote",
 "syn",
 "synstructure",
]

[[package]]
name = "zerovec"
version = "0.10.4"
source = "registry+https://github.com/rust-lang/crates.io-index"
checksum = "aa2b893d79df23bfb12d5461018d408ea19dfafe76c2c7ef6d4eba614f8ff079"
dependencies = [
 "yoke",
 "zerofrom",
 "zerovec-derive",
]

[[package]]
name = "zerovec-derive"
version = "0.10.2"
source = "registry+https://github.com/rust-lang/crates.io-index"
checksum = "97cf56601ee5052b4417d90c8755c6683473c926039908196cf35d99f893ebe7"
dependencies = [
 "proc-macro2",
 "quote",
 "syn",
]

[[patch.unused]]
name = "neqo-bin"
version = "0.7.9"

[[patch.unused]]
name = "neqo-common"
version = "0.7.9"

[[patch.unused]]
name = "neqo-crypto"
version = "0.7.9"

[[patch.unused]]
name = "neqo-http3"
version = "0.7.9"

[[patch.unused]]
name = "neqo-qpack"
version = "0.7.9"

[[patch.unused]]
name = "neqo-transport"
version = "0.7.9"

[[patch.unused]]
name = "backtrace"
version = "0.3.999"

[[patch.unused]]
name = "base64"
version = "0.13.999"

[[patch.unused]]
name = "bindgen"
version = "0.69.4"

[[patch.unused]]
name = "bindgen"
version = "0.63.999"

[[patch.unused]]
name = "bitflags"
version = "1.999.999"

[[patch.unused]]
name = "chardetng"
version = "0.1.9"
source = "git+https://github.com/hsivonen/chardetng?rev=3484d3e3ebdc8931493aa5df4d7ee9360a90e76b#3484d3e3ebdc8931493aa5df4d7ee9360a90e76b"

[[patch.unused]]
name = "chardetng_c"
version = "0.1.2"
source = "git+https://github.com/hsivonen/chardetng_c?rev=ed8a4c6f900a90d4dbc1d64b856e61490a1c3570#ed8a4c6f900a90d4dbc1d64b856e61490a1c3570"

[[patch.unused]]
name = "cmake"
version = "0.1.999"

[[patch.unused]]
name = "coremidi"
version = "0.6.0"
source = "git+https://github.com/chris-zen/coremidi.git?rev=fc68464b5445caf111e41f643a2e69ccce0b4f83#fc68464b5445caf111e41f643a2e69ccce0b4f83"

[[patch.unused]]
name = "cose"
version = "0.1.4"
source = "git+https://github.com/franziskuskiefer/cose-rust?rev=43c22248d136c8b38fe42ea709d08da6355cf04b#43c22248d136c8b38fe42ea709d08da6355cf04b"

[[patch.unused]]
name = "derive_more"
version = "0.99.999"

[[patch.unused]]
name = "goblin"
version = "0.7.999"

[[patch.unused]]
name = "gpu-descriptor"
version = "0.3.0"
source = "git+https://github.com/zakarumych/gpu-descriptor?rev=7b71a4e47c81903ad75e2c53deb5ab1310f6ff4d#7b71a4e47c81903ad75e2c53deb5ab1310f6ff4d"

[[patch.unused]]
name = "indexmap"
version = "1.999.999"

[[patch.unused]]
name = "interrupt-support"
version = "0.1.0"
source = "git+https://github.com/mozilla/application-services?rev=7c275b9088557abcbc8f3c2834f9aaa9064ca5e4#7c275b9088557abcbc8f3c2834f9aaa9064ca5e4"

[[patch.unused]]
name = "js-sys"
version = "0.3.100"

[[patch.unused]]
name = "memmap2"
version = "0.8.999"

[[patch.unused]]
name = "memmap2"
version = "0.5.999"

[[patch.unused]]
name = "memoffset"
version = "0.8.999"

[[patch.unused]]
name = "midir"
version = "0.7.0"
source = "git+https://github.com/mozilla/midir.git?rev=85156e360a37d851734118104619f86bd18e94c6#85156e360a37d851734118104619f86bd18e94c6"

[[patch.unused]]
name = "mio"
version = "0.8.8"
source = "git+https://github.com/glandium/mio?rev=9a2ef335c366044ffe73b1c4acabe50a1daefe05#9a2ef335c366044ffe73b1c4acabe50a1daefe05"

[[patch.unused]]
name = "nix"
version = "0.26.99"

[[patch.unused]]
name = "oslog"
version = "0.1.999"

[[patch.unused]]
name = "plist"
version = "1.3.1"

[[patch.unused]]
name = "redox_syscall"
version = "0.4.999"

[[patch.unused]]
name = "redox_users"
version = "0.4.999"

[[patch.unused]]
name = "relevancy"
version = "0.1.0"
source = "git+https://github.com/mozilla/application-services?rev=7c275b9088557abcbc8f3c2834f9aaa9064ca5e4#7c275b9088557abcbc8f3c2834f9aaa9064ca5e4"

[[patch.unused]]
name = "rure"
version = "0.2.2"

[[patch.unused]]
name = "socket2"
version = "0.4.999"

[[patch.unused]]
name = "sql-support"
version = "0.1.0"
source = "git+https://github.com/mozilla/application-services?rev=7c275b9088557abcbc8f3c2834f9aaa9064ca5e4#7c275b9088557abcbc8f3c2834f9aaa9064ca5e4"

[[patch.unused]]
name = "suggest"
version = "0.1.0"
source = "git+https://github.com/mozilla/application-services?rev=7c275b9088557abcbc8f3c2834f9aaa9064ca5e4#7c275b9088557abcbc8f3c2834f9aaa9064ca5e4"

[[patch.unused]]
name = "sync15"
version = "0.1.0"
source = "git+https://github.com/mozilla/application-services?rev=7c275b9088557abcbc8f3c2834f9aaa9064ca5e4#7c275b9088557abcbc8f3c2834f9aaa9064ca5e4"

[[patch.unused]]
name = "tabs"
version = "0.1.0"
source = "git+https://github.com/mozilla/application-services?rev=7c275b9088557abcbc8f3c2834f9aaa9064ca5e4#7c275b9088557abcbc8f3c2834f9aaa9064ca5e4"

[[patch.unused]]
name = "terminal_size"
version = "0.3.999"

[[patch.unused]]
name = "vcpkg"
version = "0.2.999"

[[patch.unused]]
name = "viaduct"
version = "0.1.0"
source = "git+https://github.com/mozilla/application-services?rev=7c275b9088557abcbc8f3c2834f9aaa9064ca5e4#7c275b9088557abcbc8f3c2834f9aaa9064ca5e4"

[[patch.unused]]
name = "warp"
version = "0.3.6"
source = "git+https://github.com/seanmonstar/warp?rev=9d081461ae1167eb321585ce424f4fef6cf0092b#9d081461ae1167eb321585ce424f4fef6cf0092b"

[[patch.unused]]
name = "wasi"
version = "0.10.0+wasi-snapshot-preview999"

[[patch.unused]]
name = "wasm-bindgen"
version = "0.2.100"

[[patch.unused]]
name = "web-sys"
version = "0.3.100"

[[patch.unused]]
name = "webext-storage"
version = "0.1.0"
source = "git+https://github.com/mozilla/application-services?rev=7c275b9088557abcbc8f3c2834f9aaa9064ca5e4#7c275b9088557abcbc8f3c2834f9aaa9064ca5e4"

[[patch.unused]]
name = "windows"
version = "0.52.0"

[[patch.unused]]
name = "windows-sys"
version = "0.48.999"

[[patch.unused]]
name = "windows-targets"
version = "0.52.999"

[[patch.unused]]
name = "windows-targets"
version = "0.48.999"

[[patch.unused]]
name = "zip"
version = "0.6.4"
